
Microsoft Visual Studio Solution File, Format Version 12.00
# Visual Studio Version 16
VisualStudioVersion = 16.0.29926.136
MinimumVisualStudioVersion = 10.0.40219.1
Project("{9A19103F-16F7-4668-BE54-9A1E7A4F7556}") = "SimpleHeartBeatService", "SimpleHeartBeatService\SimpleHeartBeatService.csproj", "{EEA3D93F-99B0-4623-A714-E9F6CD4B9B6A}"
EndProject
Project("{FAE04EC0-301F-11D3-BF4B-00C04F79EFBC}") = "ConsumoWebServiceSOAP", "ConsumoWebServiceSOAP\ConsumoWebServiceSOAP.csproj", "{ACC96872-45B1-4959-9F9D-F89611531598}"
EndProject
Global
	GlobalSection(SolutionConfigurationPlatforms) = preSolution
		Debug|Any CPU = Debug|Any CPU
		Release|Any CPU = Release|Any CPU
	EndGlobalSection
	GlobalSection(ProjectConfigurationPlatforms) = postSolution
		{EEA3D93F-99B0-4623-A714-E9F6CD4B9B6A}.Debug|Any CPU.ActiveCfg = Debug|Any CPU
		{EEA3D93F-99B0-4623-A714-E9F6CD4B9B6A}.Debug|Any CPU.Build.0 = Debug|Any CPU
		{EEA3D93F-99B0-4623-A714-E9F6CD4B9B6A}.Release|Any CPU.ActiveCfg = Release|Any CPU
		{EEA3D93F-99B0-4623-A714-E9F6CD4B9B6A}.Release|Any CPU.Build.0 = Release|Any CPU
		{ACC96872-45B1-4959-9F9D-F89611531598}.Debug|Any CPU.ActiveCfg = Debug|Any CPU
		{ACC96872-45B1-4959-9F9D-F89611531598}.Debug|Any CPU.Build.0 = Debug|Any CPU
		{ACC96872-45B1-4959-9F9D-F89611531598}.Release|Any CPU.ActiveCfg = Release|Any CPU
		{ACC96872-45B1-4959-9F9D-F89611531598}.Release|Any CPU.Build.0 = Release|Any CPU
	EndGlobalSection
	GlobalSection(SolutionProperties) = preSolution
		HideSolutionNode = FALSE
	EndGlobalSection
	GlobalSection(ExtensibilityGlobals) = postSolution
		SolutionGuid = {B046C52D-7680-411F-B75A-F80859C7B1CC}
	EndGlobalSection
EndGlobal
